
Microsoft Visual Studio Solution File, Format Version 12.00
# Visual Studio 15
VisualStudioVersion = 15.0.28307.421
MinimumVisualStudioVersion = 10.0.40219.1
Project("{FAE04EC0-301F-11D3-BF4B-00C04F79EFBC}") = "App.Entities", "App.Entities\App.Entities.csproj", "{A866C167-648A-4800-8093-B78F8D4ED711}"
EndProject
Project("{FAE04EC0-301F-11D3-BF4B-00C04F79EFBC}") = "App.Data", "App.Data\App.Data.csproj", "{3461E04F-C6D0-4813-A18E-E32E0F4CADE5}"
EndProject
Project("{FAE04EC0-301F-11D3-BF4B-00C04F79EFBC}") = "App.Data.Test", "App.Data.Test\App.Data.Test.csproj", "{995E56B4-5AEA-47A8-8450-2E8ED2B10021}"
EndProject
Global
	GlobalSection(SolutionConfigurationPlatforms) = preSolution
		Debug|Any CPU = Debug|Any CPU
		Release|Any CPU = Release|Any CPU
	EndGlobalSection
	GlobalSection(ProjectConfigurationPlatforms) = postSolution
		{A866C167-648A-4800-8093-B78F8D4ED711}.Debug|Any CPU.ActiveCfg = Debug|Any CPU
		{A866C167-648A-4800-8093-B78F8D4ED711}.Debug|Any CPU.Build.0 = Debug|Any CPU
		{A866C167-648A-4800-8093-B78F8D4ED711}.Release|Any CPU.ActiveCfg = Release|Any CPU
		{A866C167-648A-4800-8093-B78F8D4ED711}.Release|Any CPU.Build.0 = Release|Any CPU
		{3461E04F-C6D0-4813-A18E-E32E0F4CADE5}.Debug|Any CPU.ActiveCfg = Debug|Any CPU
		{3461E04F-C6D0-4813-A18E-E32E0F4CADE5}.Debug|Any CPU.Build.0 = Debug|Any CPU
		{3461E04F-C6D0-4813-A18E-E32E0F4CADE5}.Release|Any CPU.ActiveCfg = Release|Any CPU
		{3461E04F-C6D0-4813-A18E-E32E0F4CADE5}.Release|Any CPU.Build.0 = Release|Any CPU
		{995E56B4-5AEA-47A8-8450-2E8ED2B10021}.Debug|Any CPU.ActiveCfg = Debug|Any CPU
		{995E56B4-5AEA-47A8-8450-2E8ED2B10021}.Debug|Any CPU.Build.0 = Debug|Any CPU
		{995E56B4-5AEA-47A8-8450-2E8ED2B10021}.Release|Any CPU.ActiveCfg = Release|Any CPU
		{995E56B4-5AEA-47A8-8450-2E8ED2B10021}.Release|Any CPU.Build.0 = Release|Any CPU
	EndGlobalSection
	GlobalSection(SolutionProperties) = preSolution
		HideSolutionNode = FALSE
	EndGlobalSection
	GlobalSection(ExtensibilityGlobals) = postSolution
		SolutionGuid = {7414BE61-CB32-4134-A43B-5B8733F6F814}
	EndGlobalSection
EndGlobal
